
Microsoft Visual Studio Solution File, Format Version 12.00
# Visual Studio 15
VisualStudioVersion = 15.0.28307.136
MinimumVisualStudioVersion = 10.0.40219.1
Project("{9A19103F-16F7-4668-BE54-9A1E7A4F7556}") = "PLinq", "PLinq\PLinq.csproj", "{7CA1E004-8A47-4B49-B564-E289A9EA621A}"
EndProject
Project("{2150E333-8FDC-42A3-9474-1A3956D46DE8}") = "Tests", "Tests", "{5336A49B-21A2-41B3-8EBC-109AC63E2177}"
EndProject
Project("{9A19103F-16F7-4668-BE54-9A1E7A4F7556}") = "PLinqTests", "Tests\PLinqTests\PLinqTests.csproj", "{1B00F367-A55E-4136-A7EC-72DAA7A8111D}"
EndProject
Project("{FAE04EC0-301F-11D3-BF4B-00C04F79EFBC}") = "CleanCodeArgs", "CleanCodeArgs\CleanCodeArgs.csproj", "{5208DAFC-27AA-443D-8E77-E769BD56F4EE}"
EndProject
Project("{FAE04EC0-301F-11D3-BF4B-00C04F79EFBC}") = "CleanCodeArgsTests", "CleanCodeArgsTests\CleanCodeArgsTests.csproj", "{67685FCD-1197-4CEF-BD5C-27B563C474AD}"
EndProject
Global
	GlobalSection(SolutionConfigurationPlatforms) = preSolution
		Debug|Any CPU = Debug|Any CPU
		Release|Any CPU = Release|Any CPU
	EndGlobalSection
	GlobalSection(ProjectConfigurationPlatforms) = postSolution
		{7CA1E004-8A47-4B49-B564-E289A9EA621A}.Debug|Any CPU.ActiveCfg = Debug|Any CPU
		{7CA1E004-8A47-4B49-B564-E289A9EA621A}.Debug|Any CPU.Build.0 = Debug|Any CPU
		{7CA1E004-8A47-4B49-B564-E289A9EA621A}.Release|Any CPU.ActiveCfg = Release|Any CPU
		{7CA1E004-8A47-4B49-B564-E289A9EA621A}.Release|Any CPU.Build.0 = Release|Any CPU
		{1B00F367-A55E-4136-A7EC-72DAA7A8111D}.Debug|Any CPU.ActiveCfg = Debug|Any CPU
		{1B00F367-A55E-4136-A7EC-72DAA7A8111D}.Debug|Any CPU.Build.0 = Debug|Any CPU
		{1B00F367-A55E-4136-A7EC-72DAA7A8111D}.Release|Any CPU.ActiveCfg = Release|Any CPU
		{1B00F367-A55E-4136-A7EC-72DAA7A8111D}.Release|Any CPU.Build.0 = Release|Any CPU
		{5208DAFC-27AA-443D-8E77-E769BD56F4EE}.Debug|Any CPU.ActiveCfg = Debug|Any CPU
		{5208DAFC-27AA-443D-8E77-E769BD56F4EE}.Debug|Any CPU.Build.0 = Debug|Any CPU
		{5208DAFC-27AA-443D-8E77-E769BD56F4EE}.Release|Any CPU.ActiveCfg = Release|Any CPU
		{5208DAFC-27AA-443D-8E77-E769BD56F4EE}.Release|Any CPU.Build.0 = Release|Any CPU
		{67685FCD-1197-4CEF-BD5C-27B563C474AD}.Debug|Any CPU.ActiveCfg = Debug|Any CPU
		{67685FCD-1197-4CEF-BD5C-27B563C474AD}.Debug|Any CPU.Build.0 = Debug|Any CPU
		{67685FCD-1197-4CEF-BD5C-27B563C474AD}.Release|Any CPU.ActiveCfg = Release|Any CPU
		{67685FCD-1197-4CEF-BD5C-27B563C474AD}.Release|Any CPU.Build.0 = Release|Any CPU
	EndGlobalSection
	GlobalSection(SolutionProperties) = preSolution
		HideSolutionNode = FALSE
	EndGlobalSection
	GlobalSection(NestedProjects) = preSolution
		{1B00F367-A55E-4136-A7EC-72DAA7A8111D} = {5336A49B-21A2-41B3-8EBC-109AC63E2177}
		{67685FCD-1197-4CEF-BD5C-27B563C474AD} = {5336A49B-21A2-41B3-8EBC-109AC63E2177}
	EndGlobalSection
	GlobalSection(ExtensibilityGlobals) = postSolution
		SolutionGuid = {038C81C5-C91C-430B-9983-8150FF1F6543}
	EndGlobalSection
EndGlobal
